// !$*UTF8*$!
{
	archiveVersion = 1;
	classes = {
	};
	objectVersion = 46;
	objects = {

/* Begin PBXBuildFile section */
		AA25F7601B8CF03800C1E591 /* main.m in Sources */ = {isa = PBXBuildFile; fileRef = AA25F75F1B8CF03800C1E591 /* main.m */; };
		AA25F7631B8CF03800C1E591 /* AppDelegate.m in Sources */ = {isa = PBXBuildFile; fileRef = AA25F7621B8CF03800C1E591 /* AppDelegate.m */; };
		AA25F7661B8CF03800C1E591 /* RootVC.m in Sources */ = {isa = PBXBuildFile; fileRef = AA25F7651B8CF03800C1E591 /* RootVC.m */; };
		AA25F76B1B8CF03800C1E591 /* Images.xcassets in Resources */ = {isa = PBXBuildFile; fileRef = AA25F76A1B8CF03800C1E591 /* Images.xcassets */; };
		AA25F76E1B8CF03800C1E591 /* LaunchScreen.xib in Resources */ = {isa = PBXBuildFile; fileRef = AA25F76C1B8CF03800C1E591 /* LaunchScreen.xib */; };
		AA25F77A1B8CF03800C1E591 /* NativeTests.m in Sources */ = {isa = PBXBuildFile; fileRef = AA25F7791B8CF03800C1E591 /* NativeTests.m */; };
		AA25F78F1B8CF23300C1E591 /* VC1ViewController.m in Sources */ = {isa = PBXBuildFile; fileRef = AA25F78E1B8CF23300C1E591 /* VC1ViewController.m */; };
		AA25F7921B8CF32600C1E591 /* VC2ViewController.m in Sources */ = {isa = PBXBuildFile; fileRef = AA25F7911B8CF32600C1E591 /* VC2ViewController.m */; };
		AA25F7951B8CF3B400C1E591 /* VC3ViewController.m in Sources */ = {isa = PBXBuildFile; fileRef = AA25F7941B8CF3B400C1E591 /* VC3ViewController.m */; };
		AA25F7981B8CF3BD00C1E591 /* VC5ViewController.m in Sources */ = {isa = PBXBuildFile; fileRef = AA25F7971B8CF3BD00C1E591 /* VC5ViewController.m */; };
		AA25F79B1B8CF3C500C1E591 /* VC4ViewController.m in Sources */ = {isa = PBXBuildFile; fileRef = AA25F79A1B8CF3C500C1E591 /* VC4ViewController.m */; };
		AA25F79E1B8CF3CF00C1E591 /* VC6ViewController.m in Sources */ = {isa = PBXBuildFile; fileRef = AA25F79D1B8CF3CF00C1E591 /* VC6ViewController.m */; };
		AA25F7A11B8CF3D600C1E591 /* VC7ViewController.m in Sources */ = {isa = PBXBuildFile; fileRef = AA25F7A01B8CF3D600C1E591 /* VC7ViewController.m */; };
		AA25F7A41B8CF3DD00C1E591 /* VC8ViewController.m in Sources */ = {isa = PBXBuildFile; fileRef = AA25F7A31B8CF3DD00C1E591 /* VC8ViewController.m */; };
		AA25F7A71B8CF3E400C1E591 /* VC9ViewController.m in Sources */ = {isa = PBXBuildFile; fileRef = AA25F7A61B8CF3E400C1E591 /* VC9ViewController.m */; };
		AA25F7AA1B8CF3EC00C1E591 /* VC10ViewController.m in Sources */ = {isa = PBXBuildFile; fileRef = AA25F7A91B8CF3EC00C1E591 /* VC10ViewController.m */; };
		AA25F7AD1B8CF3F400C1E591 /* VC11ViewController.m in Sources */ = {isa = PBXBuildFile; fileRef = AA25F7AC1B8CF3F300C1E591 /* VC11ViewController.m */; };
		AA25F7B01B8CF3FB00C1E591 /* VC12ViewController.m in Sources */ = {isa = PBXBuildFile; fileRef = AA25F7AF1B8CF3FB00C1E591 /* VC12ViewController.m */; };
		AA25F7B31B8CF40200C1E591 /* VC13ViewController.m in Sources */ = {isa = PBXBuildFile; fileRef = AA25F7B21B8CF40200C1E591 /* VC13ViewController.m */; };
		AA25F7B61B8CF40900C1E591 /* VC14ViewController.m in Sources */ = {isa = PBXBuildFile; fileRef = AA25F7B51B8CF40900C1E591 /* VC14ViewController.m */; };
		AA25F7B91B8CF41100C1E591 /* VC15ViewController.m in Sources */ = {isa = PBXBuildFile; fileRef = AA25F7B81B8CF41100C1E591 /* VC15ViewController.m */; };
		AA25F7BC1B8CF41800C1E591 /* VC16ViewController.m in Sources */ = {isa = PBXBuildFile; fileRef = AA25F7BB1B8CF41800C1E591 /* VC16ViewController.m */; };
		AA25F7BF1B8CF42000C1E591 /* VC17ViewController.m in Sources */ = {isa = PBXBuildFile; fileRef = AA25F7BE1B8CF42000C1E591 /* VC17ViewController.m */; };
		AA25F7C21B8CF42800C1E591 /* VC18ViewController.m in Sources */ = {isa = PBXBuildFile; fileRef = AA25F7C11B8CF42800C1E591 /* VC18ViewController.m */; };
		AA25F7C51B8CF42F00C1E591 /* VC19ViewController.m in Sources */ = {isa = PBXBuildFile; fileRef = AA25F7C41B8CF42F00C1E591 /* VC19ViewController.m */; };
/* End PBXBuildFile section */

/* Begin PBXContainerItemProxy section */
		AA25F7741B8CF03800C1E591 /* PBXContainerItemProxy */ = {
			isa = PBXContainerItemProxy;
			containerPortal = AA25F7521B8CF03800C1E591 /* Project object */;
			proxyType = 1;
			remoteGlobalIDString = AA25F7591B8CF03800C1E591;
			remoteInfo = Native;
		};
/* End PBXContainerItemProxy section */

/* Begin PBXFileReference section */
		AA25F75A1B8CF03800C1E591 /* Native.app */ = {isa = PBXFileReference; explicitFileType = wrapper.application; includeInIndex = 0; path = Native.app; sourceTree = BUILT_PRODUCTS_DIR; };
		AA25F75E1B8CF03800C1E591 /* Info.plist */ = {isa = PBXFileReference; lastKnownFileType = text.plist.xml; path = Info.plist; sourceTree = "<group>"; };
		AA25F75F1B8CF03800C1E591 /* main.m */ = {isa = PBXFileReference; lastKnownFileType = sourcecode.c.objc; path = main.m; sourceTree = "<group>"; };
		AA25F7611B8CF03800C1E591 /* AppDelegate.h */ = {isa = PBXFileReference; lastKnownFileType = sourcecode.c.h; path = AppDelegate.h; sourceTree = "<group>"; };
		AA25F7621B8CF03800C1E591 /* AppDelegate.m */ = {isa = PBXFileReference; lastKnownFileType = sourcecode.c.objc; path = AppDelegate.m; sourceTree = "<group>"; };
		AA25F7641B8CF03800C1E591 /* RootVC.h */ = {isa = PBXFileReference; lastKnownFileType = sourcecode.c.h; path = RootVC.h; sourceTree = "<group>"; };
		AA25F7651B8CF03800C1E591 /* RootVC.m */ = {isa = PBXFileReference; lastKnownFileType = sourcecode.c.objc; path = RootVC.m; sourceTree = "<group>"; };
		AA25F76A1B8CF03800C1E591 /* Images.xcassets */ = {isa = PBXFileReference; lastKnownFileType = folder.assetcatalog; path = Images.xcassets; sourceTree = "<group>"; };
		AA25F76D1B8CF03800C1E591 /* Base */ = {isa = PBXFileReference; lastKnownFileType = file.xib; name = Base; path = Base.lproj/LaunchScreen.xib; sourceTree = "<group>"; };
		AA25F7731B8CF03800C1E591 /* NativeTests.xctest */ = {isa = PBXFileReference; explicitFileType = wrapper.cfbundle; includeInIndex = 0; path = NativeTests.xctest; sourceTree = BUILT_PRODUCTS_DIR; };
		AA25F7781B8CF03800C1E591 /* Info.plist */ = {isa = PBXFileReference; lastKnownFileType = text.plist.xml; path = Info.plist; sourceTree = "<group>"; };
		AA25F7791B8CF03800C1E591 /* NativeTests.m */ = {isa = PBXFileReference; lastKnownFileType = sourcecode.c.objc; path = NativeTests.m; sourceTree = "<group>"; };
		AA25F78D1B8CF23300C1E591 /* VC1ViewController.h */ = {isa = PBXFileReference; fileEncoding = 4; lastKnownFileType = sourcecode.c.h; path = VC1ViewController.h; sourceTree = "<group>"; };
		AA25F78E1B8CF23300C1E591 /* VC1ViewController.m */ = {isa = PBXFileReference; fileEncoding = 4; lastKnownFileType = sourcecode.c.objc; path = VC1ViewController.m; sourceTree = "<group>"; };
		AA25F7901B8CF32600C1E591 /* VC2ViewController.h */ = {isa = PBXFileReference; fileEncoding = 4; lastKnownFileType = sourcecode.c.h; path = VC2ViewController.h; sourceTree = "<group>"; };
		AA25F7911B8CF32600C1E591 /* VC2ViewController.m */ = {isa = PBXFileReference; fileEncoding = 4; lastKnownFileType = sourcecode.c.objc; path = VC2ViewController.m; sourceTree = "<group>"; };
		AA25F7931B8CF3B400C1E591 /* VC3ViewController.h */ = {isa = PBXFileReference; fileEncoding = 4; lastKnownFileType = sourcecode.c.h; path = VC3ViewController.h; sourceTree = "<group>"; };
		AA25F7941B8CF3B400C1E591 /* VC3ViewController.m */ = {isa = PBXFileReference; fileEncoding = 4; lastKnownFileType = sourcecode.c.objc; path = VC3ViewController.m; sourceTree = "<group>"; };
		AA25F7961B8CF3BD00C1E591 /* VC5ViewController.h */ = {isa = PBXFileReference; fileEncoding = 4; lastKnownFileType = sourcecode.c.h; path = VC5ViewController.h; sourceTree = "<group>"; };
		AA25F7971B8CF3BD00C1E591 /* VC5ViewController.m */ = {isa = PBXFileReference; fileEncoding = 4; lastKnownFileType = sourcecode.c.objc; path = VC5ViewController.m; sourceTree = "<group>"; };
		AA25F7991B8CF3C500C1E591 /* VC4ViewController.h */ = {isa = PBXFileReference; fileEncoding = 4; lastKnownFileType = sourcecode.c.h; path = VC4ViewController.h; sourceTree = "<group>"; };
		AA25F79A1B8CF3C500C1E591 /* VC4ViewController.m */ = {isa = PBXFileReference; fileEncoding = 4; lastKnownFileType = sourcecode.c.objc; path = VC4ViewController.m; sourceTree = "<group>"; };
		AA25F79C1B8CF3CF00C1E591 /* VC6ViewController.h */ = {isa = PBXFileReference; fileEncoding = 4; lastKnownFileType = sourcecode.c.h; path = VC6ViewController.h; sourceTree = "<group>"; };
		AA25F79D1B8CF3CF00C1E591 /* VC6ViewController.m */ = {isa = PBXFileReference; fileEncoding = 4; lastKnownFileType = sourcecode.c.objc; path = VC6ViewController.m; sourceTree = "<group>"; };
		AA25F79F1B8CF3D600C1E591 /* VC7ViewController.h */ = {isa = PBXFileReference; fileEncoding = 4; lastKnownFileType = sourcecode.c.h; path = VC7ViewController.h; sourceTree = "<group>"; };
		AA25F7A01B8CF3D600C1E591 /* VC7ViewController.m */ = {isa = PBXFileReference; fileEncoding = 4; lastKnownFileType = sourcecode.c.objc; path = VC7ViewController.m; sourceTree = "<group>"; };
		AA25F7A21B8CF3DD00C1E591 /* VC8ViewController.h */ = {isa = PBXFileReference; fileEncoding = 4; lastKnownFileType = sourcecode.c.h; path = VC8ViewController.h; sourceTree = "<group>"; };
		AA25F7A31B8CF3DD00C1E591 /* VC8ViewController.m */ = {isa = PBXFileReference; fileEncoding = 4; lastKnownFileType = sourcecode.c.objc; path = VC8ViewController.m; sourceTree = "<group>"; };
		AA25F7A51B8CF3E400C1E591 /* VC9ViewController.h */ = {isa = PBXFileReference; fileEncoding = 4; lastKnownFileType = sourcecode.c.h; path = VC9ViewController.h; sourceTree = "<group>"; };
		AA25F7A61B8CF3E400C1E591 /* VC9ViewController.m */ = {isa = PBXFileReference; fileEncoding = 4; lastKnownFileType = sourcecode.c.objc; path = VC9ViewController.m; sourceTree = "<group>"; };
		AA25F7A81B8CF3EC00C1E591 /* VC10ViewController.h */ = {isa = PBXFileReference; fileEncoding = 4; lastKnownFileType = sourcecode.c.h; path = VC10ViewController.h; sourceTree = "<group>"; };
		AA25F7A91B8CF3EC00C1E591 /* VC10ViewController.m */ = {isa = PBXFileReference; fileEncoding = 4; lastKnownFileType = sourcecode.c.objc; path = VC10ViewController.m; sourceTree = "<group>"; };
		AA25F7AB1B8CF3F300C1E591 /* VC11ViewController.h */ = {isa = PBXFileReference; fileEncoding = 4; lastKnownFileType = sourcecode.c.h; path = VC11ViewController.h; sourceTree = "<group>"; };
		AA25F7AC1B8CF3F300C1E591 /* VC11ViewController.m */ = {isa = PBXFileReference; fileEncoding = 4; lastKnownFileType = sourcecode.c.objc; path = VC11ViewController.m; sourceTree = "<group>"; };
		AA25F7AE1B8CF3FB00C1E591 /* VC12ViewController.h */ = {isa = PBXFileReference; fileEncoding = 4; lastKnownFileType = sourcecode.c.h; path = VC12ViewController.h; sourceTree = "<group>"; };
		AA25F7AF1B8CF3FB00C1E591 /* VC12ViewController.m */ = {isa = PBXFileReference; fileEncoding = 4; lastKnownFileType = sourcecode.c.objc; path = VC12ViewController.m; sourceTree = "<group>"; };
		AA25F7B11B8CF40200C1E591 /* VC13ViewController.h */ = {isa = PBXFileReference; fileEncoding = 4; lastKnownFileType = sourcecode.c.h; path = VC13ViewController.h; sourceTree = "<group>"; };
		AA25F7B21B8CF40200C1E591 /* VC13ViewController.m */ = {isa = PBXFileReference; fileEncoding = 4; lastKnownFileType = sourcecode.c.objc; path = VC13ViewController.m; sourceTree = "<group>"; };
		AA25F7B41B8CF40900C1E591 /* VC14ViewController.h */ = {isa = PBXFileReference; fileEncoding = 4; lastKnownFileType = sourcecode.c.h; path = VC14ViewController.h; sourceTree = "<group>"; };
		AA25F7B51B8CF40900C1E591 /* VC14ViewController.m */ = {isa = PBXFileReference; fileEncoding = 4; lastKnownFileType = sourcecode.c.objc; path = VC14ViewController.m; sourceTree = "<group>"; };
		AA25F7B71B8CF41100C1E591 /* VC15ViewController.h */ = {isa = PBXFileReference; fileEncoding = 4; lastKnownFileType = sourcecode.c.h; path = VC15ViewController.h; sourceTree = "<group>"; };
		AA25F7B81B8CF41100C1E591 /* VC15ViewController.m */ = {isa = PBXFileReference; fileEncoding = 4; lastKnownFileType = sourcecode.c.objc; path = VC15ViewController.m; sourceTree = "<group>"; };
		AA25F7BA1B8CF41800C1E591 /* VC16ViewController.h */ = {isa = PBXFileReference; fileEncoding = 4; lastKnownFileType = sourcecode.c.h; path = VC16ViewController.h; sourceTree = "<group>"; };
		AA25F7BB1B8CF41800C1E591 /* VC16ViewController.m */ = {isa = PBXFileReference; fileEncoding = 4; lastKnownFileType = sourcecode.c.objc; path = VC16ViewController.m; sourceTree = "<group>"; };
		AA25F7BD1B8CF42000C1E591 /* VC17ViewController.h */ = {isa = PBXFileReference; fileEncoding = 4; lastKnownFileType = sourcecode.c.h; path = VC17ViewController.h; sourceTree = "<group>"; };
		AA25F7BE1B8CF42000C1E591 /* VC17ViewController.m */ = {isa = PBXFileReference; fileEncoding = 4; lastKnownFileType = sourcecode.c.objc; path = VC17ViewController.m; sourceTree = "<group>"; };
		AA25F7C01B8CF42800C1E591 /* VC18ViewController.h */ = {isa = PBXFileReference; fileEncoding = 4; lastKnownFileType = sourcecode.c.h; path = VC18ViewController.h; sourceTree = "<group>"; };
		AA25F7C11B8CF42800C1E591 /* VC18ViewController.m */ = {isa = PBXFileReference; fileEncoding = 4; lastKnownFileType = sourcecode.c.objc; path = VC18ViewController.m; sourceTree = "<group>"; };
		AA25F7C31B8CF42F00C1E591 /* VC19ViewController.h */ = {isa = PBXFileReference; fileEncoding = 4; lastKnownFileType = sourcecode.c.h; path = VC19ViewController.h; sourceTree = "<group>"; };
		AA25F7C41B8CF42F00C1E591 /* VC19ViewController.m */ = {isa = PBXFileReference; fileEncoding = 4; lastKnownFileType = sourcecode.c.objc; path = VC19ViewController.m; sourceTree = "<group>"; };
/* End PBXFileReference section */

/* Begin PBXFrameworksBuildPhase section */
		AA25F7571B8CF03800C1E591 /* Frameworks */ = {
			isa = PBXFrameworksBuildPhase;
			buildActionMask = 2147483647;
			files = (
			);
			runOnlyForDeploymentPostprocessing = 0;
		};
		AA25F7701B8CF03800C1E591 /* Frameworks */ = {
			isa = PBXFrameworksBuildPhase;
			buildActionMask = 2147483647;
			files = (
			);
			runOnlyForDeploymentPostprocessing = 0;
		};
/* End PBXFrameworksBuildPhase section */

/* Begin PBXGroup section */
		AA25F7511B8CF03800C1E591 = {
			isa = PBXGroup;
			children = (
				AA25F75C1B8CF03800C1E591 /* Native */,
				AA25F7761B8CF03800C1E591 /* NativeTests */,
				AA25F75B1B8CF03800C1E591 /* Products */,
			);
			sourceTree = "<group>";
		};
		AA25F75B1B8CF03800C1E591 /* Products */ = {
			isa = PBXGroup;
			children = (
				AA25F75A1B8CF03800C1E591 /* Native.app */,
				AA25F7731B8CF03800C1E591 /* NativeTests.xctest */,
			);
			name = Products;
			sourceTree = "<group>";
		};
		AA25F75C1B8CF03800C1E591 /* Native */ = {
			isa = PBXGroup;
			children = (
				AA25F7611B8CF03800C1E591 /* AppDelegate.h */,
				AA25F7621B8CF03800C1E591 /* AppDelegate.m */,
				AA25F7641B8CF03800C1E591 /* RootVC.h */,
				AA25F7651B8CF03800C1E591 /* RootVC.m */,
				AA25F78D1B8CF23300C1E591 /* VC1ViewController.h */,
				AA25F78E1B8CF23300C1E591 /* VC1ViewController.m */,
				AA25F7901B8CF32600C1E591 /* VC2ViewController.h */,
				AA25F7911B8CF32600C1E591 /* VC2ViewController.m */,
				AA25F7931B8CF3B400C1E591 /* VC3ViewController.h */,
				AA25F7941B8CF3B400C1E591 /* VC3ViewController.m */,
				AA25F7991B8CF3C500C1E591 /* VC4ViewController.h */,
				AA25F79A1B8CF3C500C1E591 /* VC4ViewController.m */,
				AA25F7961B8CF3BD00C1E591 /* VC5ViewController.h */,
				AA25F7971B8CF3BD00C1E591 /* VC5ViewController.m */,
				AA25F79C1B8CF3CF00C1E591 /* VC6ViewController.h */,
				AA25F79D1B8CF3CF00C1E591 /* VC6ViewController.m */,
				AA25F79F1B8CF3D600C1E591 /* VC7ViewController.h */,
				AA25F7A01B8CF3D600C1E591 /* VC7ViewController.m */,
				AA25F7A21B8CF3DD00C1E591 /* VC8ViewController.h */,
				AA25F7A31B8CF3DD00C1E591 /* VC8ViewController.m */,
				AA25F7A51B8CF3E400C1E591 /* VC9ViewController.h */,
				AA25F7A61B8CF3E400C1E591 /* VC9ViewController.m */,
				AA25F7A81B8CF3EC00C1E591 /* VC10ViewController.h */,
				AA25F7A91B8CF3EC00C1E591 /* VC10ViewController.m */,
				AA25F7AB1B8CF3F300C1E591 /* VC11ViewController.h */,
				AA25F7AC1B8CF3F300C1E591 /* VC11ViewController.m */,
				AA25F7AE1B8CF3FB00C1E591 /* VC12ViewController.h */,
				AA25F7AF1B8CF3FB00C1E591 /* VC12ViewController.m */,
				AA25F7B11B8CF40200C1E591 /* VC13ViewController.h */,
				AA25F7B21B8CF40200C1E591 /* VC13ViewController.m */,
				AA25F7B41B8CF40900C1E591 /* VC14ViewController.h */,
				AA25F7B51B8CF40900C1E591 /* VC14ViewController.m */,
				AA25F7B71B8CF41100C1E591 /* VC15ViewController.h */,
				AA25F7B81B8CF41100C1E591 /* VC15ViewController.m */,
				AA25F7BA1B8CF41800C1E591 /* VC16ViewController.h */,
				AA25F7BB1B8CF41800C1E591 /* VC16ViewController.m */,
				AA25F7BD1B8CF42000C1E591 /* VC17ViewController.h */,
				AA25F7BE1B8CF42000C1E591 /* VC17ViewController.m */,
				AA25F7C01B8CF42800C1E591 /* VC18ViewController.h */,
				AA25F7C11B8CF42800C1E591 /* VC18ViewController.m */,
				AA25F7C31B8CF42F00C1E591 /* VC19ViewController.h */,
				AA25F7C41B8CF42F00C1E591 /* VC19ViewController.m */,
				AA25F76A1B8CF03800C1E591 /* Images.xcassets */,
				AA25F76C1B8CF03800C1E591 /* LaunchScreen.xib */,
				AA25F75D1B8CF03800C1E591 /* Supporting Files */,
			);
			path = Native;
			sourceTree = "<group>";
		};
		AA25F75D1B8CF03800C1E591 /* Supporting Files */ = {
			isa = PBXGroup;
			children = (
				AA25F75E1B8CF03800C1E591 /* Info.plist */,
				AA25F75F1B8CF03800C1E591 /* main.m */,
			);
			name = "Supporting Files";
			sourceTree = "<group>";
		};
		AA25F7761B8CF03800C1E591 /* NativeTests */ = {
			isa = PBXGroup;
			children = (
				AA25F7791B8CF03800C1E591 /* NativeTests.m */,
				AA25F7771B8CF03800C1E591 /* Supporting Files */,
			);
			path = NativeTests;
			sourceTree = "<group>";
		};
		AA25F7771B8CF03800C1E591 /* Supporting Files */ = {
			isa = PBXGroup;
			children = (
				AA25F7781B8CF03800C1E591 /* Info.plist */,
			);
			name = "Supporting Files";
			sourceTree = "<group>";
		};
/* End PBXGroup section */

/* Begin PBXNativeTarget section */
		AA25F7591B8CF03800C1E591 /* Native */ = {
			isa = PBXNativeTarget;
			buildConfigurationList = AA25F77D1B8CF03800C1E591 /* Build configuration list for PBXNativeTarget "Native" */;
			buildPhases = (
				AA25F7561B8CF03800C1E591 /* Sources */,
				AA25F7571B8CF03800C1E591 /* Frameworks */,
				AA25F7581B8CF03800C1E591 /* Resources */,
			);
			buildRules = (
			);
			dependencies = (
			);
			name = Native;
			productName = Native;
			productReference = AA25F75A1B8CF03800C1E591 /* Native.app */;
			productType = "com.apple.product-type.application";
		};
		AA25F7721B8CF03800C1E591 /* NativeTests */ = {
			isa = PBXNativeTarget;
			buildConfigurationList = AA25F7801B8CF03800C1E591 /* Build configuration list for PBXNativeTarget "NativeTests" */;
			buildPhases = (
				AA25F76F1B8CF03800C1E591 /* Sources */,
				AA25F7701B8CF03800C1E591 /* Frameworks */,
				AA25F7711B8CF03800C1E591 /* Resources */,
			);
			buildRules = (
			);
			dependencies = (
				AA25F7751B8CF03800C1E591 /* PBXTargetDependency */,
			);
			name = NativeTests;
			productName = NativeTests;
			productReference = AA25F7731B8CF03800C1E591 /* NativeTests.xctest */;
			productType = "com.apple.product-type.bundle.unit-test";
		};
/* End PBXNativeTarget section */

/* Begin PBXProject section */
		AA25F7521B8CF03800C1E591 /* Project object */ = {
			isa = PBXProject;
			attributes = {
				LastUpgradeCheck = 0640;
				ORGANIZATIONNAME = Groupon;
				TargetAttributes = {
					AA25F7591B8CF03800C1E591 = {
						CreatedOnToolsVersion = 6.4;
					};
					AA25F7721B8CF03800C1E591 = {
						CreatedOnToolsVersion = 6.4;
						TestTargetID = AA25F7591B8CF03800C1E591;
					};
				};
			};
			buildConfigurationList = AA25F7551B8CF03800C1E591 /* Build configuration list for PBXProject "Native" */;
			compatibilityVersion = "Xcode 3.2";
			developmentRegion = English;
			hasScannedForEncodings = 0;
			knownRegions = (
				en,
				Base,
			);
			mainGroup = AA25F7511B8CF03800C1E591;
			productRefGroup = AA25F75B1B8CF03800C1E591 /* Products */;
			projectDirPath = "";
			projectRoot = "";
			targets = (
				AA25F7591B8CF03800C1E591 /* Native */,
				AA25F7721B8CF03800C1E591 /* NativeTests */,
			);
		};
/* End PBXProject section */

/* Begin PBXResourcesBuildPhase section */
		AA25F7581B8CF03800C1E591 /* Resources */ = {
			isa = PBXResourcesBuildPhase;
			buildActionMask = 2147483647;
			files = (
				AA25F76E1B8CF03800C1E591 /* LaunchScreen.xib in Resources */,
				AA25F76B1B8CF03800C1E591 /* Images.xcassets in Resources */,
			);
			runOnlyForDeploymentPostprocessing = 0;
		};
		AA25F7711B8CF03800C1E591 /* Resources */ = {
			isa = PBXResourcesBuildPhase;
			buildActionMask = 2147483647;
			files = (
			);
			runOnlyForDeploymentPostprocessing = 0;
		};
/* End PBXResourcesBuildPhase section */

/* Begin PBXSourcesBuildPhase section */
		AA25F7561B8CF03800C1E591 /* Sources */ = {
			isa = PBXSourcesBuildPhase;
			buildActionMask = 2147483647;
			files = (
				AA25F7921B8CF32600C1E591 /* VC2ViewController.m in Sources */,
				AA25F7C51B8CF42F00C1E591 /* VC19ViewController.m in Sources */,
				AA25F7BC1B8CF41800C1E591 /* VC16ViewController.m in Sources */,
				AA25F7AD1B8CF3F400C1E591 /* VC11ViewController.m in Sources */,
				AA25F7C21B8CF42800C1E591 /* VC18ViewController.m in Sources */,
				AA25F7BF1B8CF42000C1E591 /* VC17ViewController.m in Sources */,
				AA25F7B01B8CF3FB00C1E591 /* VC12ViewController.m in Sources */,
				AA25F7A11B8CF3D600C1E591 /* VC7ViewController.m in Sources */,
				AA25F7A41B8CF3DD00C1E591 /* VC8ViewController.m in Sources */,
				AA25F7981B8CF3BD00C1E591 /* VC5ViewController.m in Sources */,
				AA25F79B1B8CF3C500C1E591 /* VC4ViewController.m in Sources */,
				AA25F7661B8CF03800C1E591 /* RootVC.m in Sources */,
				AA25F7631B8CF03800C1E591 /* AppDelegate.m in Sources */,
				AA25F7A71B8CF3E400C1E591 /* VC9ViewController.m in Sources */,
				AA25F7AA1B8CF3EC00C1E591 /* VC10ViewController.m in Sources */,
				AA25F7B31B8CF40200C1E591 /* VC13ViewController.m in Sources */,
				AA25F7951B8CF3B400C1E591 /* VC3ViewController.m in Sources */,
				AA25F7B61B8CF40900C1E591 /* VC14ViewController.m in Sources */,
				AA25F7601B8CF03800C1E591 /* main.m in Sources */,
				AA25F7B91B8CF41100C1E591 /* VC15ViewController.m in Sources */,
				AA25F79E1B8CF3CF00C1E591 /* VC6ViewController.m in Sources */,
				AA25F78F1B8CF23300C1E591 /* VC1ViewController.m in Sources */,
			);
			runOnlyForDeploymentPostprocessing = 0;
		};
		AA25F76F1B8CF03800C1E591 /* Sources */ = {
			isa = PBXSourcesBuildPhase;
			buildActionMask = 2147483647;
			files = (
				AA25F77A1B8CF03800C1E591 /* NativeTests.m in Sources */,
			);
			runOnlyForDeploymentPostprocessing = 0;
		};
/* End PBXSourcesBuildPhase section */

/* Begin PBXTargetDependency section */
		AA25F7751B8CF03800C1E591 /* PBXTargetDependency */ = {
			isa = PBXTargetDependency;
			target = AA25F7591B8CF03800C1E591 /* Native */;
			targetProxy = AA25F7741B8CF03800C1E591 /* PBXContainerItemProxy */;
		};
/* End PBXTargetDependency section */

/* Begin PBXVariantGroup section */
		AA25F76C1B8CF03800C1E591 /* LaunchScreen.xib */ = {
			isa = PBXVariantGroup;
			children = (
				AA25F76D1B8CF03800C1E591 /* Base */,
			);
			name = LaunchScreen.xib;
			sourceTree = "<group>";
		};
/* End PBXVariantGroup section */

/* Begin XCBuildConfiguration section */
		AA25F77B1B8CF03800C1E591 /* Debug */ = {
			isa = XCBuildConfiguration;
			buildSettings = {
				ALWAYS_SEARCH_USER_PATHS = NO;
				CLANG_CXX_LANGUAGE_STANDARD = "gnu++0x";
				CLANG_CXX_LIBRARY = "libc++";
				CLANG_ENABLE_MODULES = YES;
				CLANG_ENABLE_OBJC_ARC = YES;
				CLANG_WARN_BOOL_CONVERSION = YES;
				CLANG_WARN_CONSTANT_CONVERSION = YES;
				CLANG_WARN_DIRECT_OBJC_ISA_USAGE = YES_ERROR;
				CLANG_WARN_EMPTY_BODY = YES;
				CLANG_WARN_ENUM_CONVERSION = YES;
				CLANG_WARN_INT_CONVERSION = YES;
				CLANG_WARN_OBJC_ROOT_CLASS = YES_ERROR;
				CLANG_WARN_UNREACHABLE_CODE = YES;
				CLANG_WARN__DUPLICATE_METHOD_MATCH = YES;
				"CODE_SIGN_IDENTITY[sdk=iphoneos*]" = "iPhone Developer";
				COPY_PHASE_STRIP = NO;
				DEBUG_INFORMATION_FORMAT = "dwarf-with-dsym";
				ENABLE_STRICT_OBJC_MSGSEND = YES;
				GCC_C_LANGUAGE_STANDARD = gnu99;
				GCC_DYNAMIC_NO_PIC = NO;
				GCC_NO_COMMON_BLOCKS = YES;
				GCC_OPTIMIZATION_LEVEL = 0;
				GCC_PREPROCESSOR_DEFINITIONS = (
					"DEBUG=1",
					"$(inherited)",
				);
				GCC_SYMBOLS_PRIVATE_EXTERN = NO;
				GCC_WARN_64_TO_32_BIT_CONVERSION = YES;
				GCC_WARN_ABOUT_RETURN_TYPE = YES_ERROR;
				GCC_WARN_UNDECLARED_SELECTOR = YES;
				GCC_WARN_UNINITIALIZED_AUTOS = YES_AGGRESSIVE;
				GCC_WARN_UNUSED_FUNCTION = YES;
				GCC_WARN_UNUSED_VARIABLE = YES;
				IPHONEOS_DEPLOYMENT_TARGET = 8.4;
				MTL_ENABLE_DEBUG_INFO = YES;
				ONLY_ACTIVE_ARCH = YES;
				SDKROOT = iphoneos;
				TARGETED_DEVICE_FAMILY = "1,2";
			};
			name = Debug;
		};
		AA25F77C1B8CF03800C1E591 /* Release */ = {
			isa = XCBuildConfiguration;
			buildSettings = {
				ALWAYS_SEARCH_USER_PATHS = NO;
				CLANG_CXX_LANGUAGE_STANDARD = "gnu++0x";
				CLANG_CXX_LIBRARY = "libc++";
				CLANG_ENABLE_MODULES = YES;
				CLANG_ENABLE_OBJC_ARC = YES;
				CLANG_WARN_BOOL_CONVERSION = YES;
				CLANG_WARN_CONSTANT_CONVERSION = YES;
				CLANG_WARN_DIRECT_OBJC_ISA_USAGE = YES_ERROR;
				CLANG_WARN_EMPTY_BODY = YES;
				CLANG_WARN_ENUM_CONVERSION = YES;
				CLANG_WARN_INT_CONVERSION = YES;
				CLANG_WARN_OBJC_ROOT_CLASS = YES_ERROR;
				CLANG_WARN_UNREACHABLE_CODE = YES;
				CLANG_WARN__DUPLICATE_METHOD_MATCH = YES;
				"CODE_SIGN_IDENTITY[sdk=iphoneos*]" = "iPhone Developer";
				COPY_PHASE_STRIP = NO;
				DEBUG_INFORMATION_FORMAT = "dwarf-with-dsym";
				ENABLE_NS_ASSERTIONS = NO;
				ENABLE_STRICT_OBJC_MSGSEND = YES;
				GCC_C_LANGUAGE_STANDARD = gnu99;
				GCC_NO_COMMON_BLOCKS = YES;
				GCC_WARN_64_TO_32_BIT_CONVERSION = YES;
				GCC_WARN_ABOUT_RETURN_TYPE = YES_ERROR;
				GCC_WARN_UNDECLARED_SELECTOR = YES;
				GCC_WARN_UNINITIALIZED_AUTOS = YES_AGGRESSIVE;
				GCC_WARN_UNUSED_FUNCTION = YES;
				GCC_WARN_UNUSED_VARIABLE = YES;
				IPHONEOS_DEPLOYMENT_TARGET = 8.4;
				MTL_ENABLE_DEBUG_INFO = NO;
				SDKROOT = iphoneos;
				TARGETED_DEVICE_FAMILY = "1,2";
				VALIDATE_PRODUCT = YES;
			};
			name = Release;
		};
		AA25F77E1B8CF03800C1E591 /* Debug */ = {
			isa = XCBuildConfiguration;
			buildSettings = {
				ASSETCATALOG_COMPILER_APPICON_NAME = AppIcon;
				INFOPLIST_FILE = Native/Info.plist;
				LD_RUNPATH_SEARCH_PATHS = "$(inherited) @executable_path/Frameworks";
				PRODUCT_NAME = "$(TARGET_NAME)";
			};
			name = Debug;
		};
		AA25F77F1B8CF03800C1E591 /* Release */ = {
			isa = XCBuildConfiguration;
			buildSettings = {
				ASSETCATALOG_COMPILER_APPICON_NAME = AppIcon;
				INFOPLIST_FILE = Native/Info.plist;
				LD_RUNPATH_SEARCH_PATHS = "$(inherited) @executable_path/Frameworks";
				PRODUCT_NAME = "$(TARGET_NAME)";
			};
			name = Release;
		};
		AA25F7811B8CF03800C1E591 /* Debug */ = {
			isa = XCBuildConfiguration;
			buildSettings = {
				BUNDLE_LOADER = "$(TEST_HOST)";
				FRAMEWORK_SEARCH_PATHS = (
					"$(SDKROOT)/Developer/Library/Frameworks",
					"$(inherited)",
				);
				GCC_PREPROCESSOR_DEFINITIONS = (
					"DEBUG=1",
					"$(inherited)",
				);
				INFOPLIST_FILE = NativeTests/Info.plist;
				LD_RUNPATH_SEARCH_PATHS = "$(inherited) @executable_path/Frameworks @loader_path/Frameworks";
				PRODUCT_NAME = "$(TARGET_NAME)";
				TEST_HOST = "$(BUILT_PRODUCTS_DIR)/Native.app/Native";
			};
			name = Debug;
		};
		AA25F7821B8CF03800C1E591 /* Release */ = {
			isa = XCBuildConfiguration;
			buildSettings = {
				BUNDLE_LOADER = "$(TEST_HOST)";
				FRAMEWORK_SEARCH_PATHS = (
					"$(SDKROOT)/Developer/Library/Frameworks",
					"$(inherited)",
				);
				INFOPLIST_FILE = NativeTests/Info.plist;
				LD_RUNPATH_SEARCH_PATHS = "$(inherited) @executable_path/Frameworks @loader_path/Frameworks";
				PRODUCT_NAME = "$(TARGET_NAME)";
				TEST_HOST = "$(BUILT_PRODUCTS_DIR)/Native.app/Native";
			};
			name = Release;
		};
/* End XCBuildConfiguration section */

/* Begin XCConfigurationList section */
		AA25F7551B8CF03800C1E591 /* Build configuration list for PBXProject "Native" */ = {
			isa = XCConfigurationList;
			buildConfigurations = (
				AA25F77B1B8CF03800C1E591 /* Debug */,
				AA25F77C1B8CF03800C1E591 /* Release */,
			);
			defaultConfigurationIsVisible = 0;
			defaultConfigurationName = Release;
		};
		AA25F77D1B8CF03800C1E591 /* Build configuration list for PBXNativeTarget "Native" */ = {
			isa = XCConfigurationList;
			buildConfigurations = (
				AA25F77E1B8CF03800C1E591 /* Debug */,
				AA25F77F1B8CF03800C1E591 /* Release */,
			);
			defaultConfigurationIsVisible = 0;
		};
		AA25F7801B8CF03800C1E591 /* Build configuration list for PBXNativeTarget "NativeTests" */ = {
			isa = XCConfigurationList;
			buildConfigurations = (
				AA25F7811B8CF03800C1E591 /* Debug */,
				AA25F7821B8CF03800C1E591 /* Release */,
			);
			defaultConfigurationIsVisible = 0;
		};
/* End XCConfigurationList section */
	};
	rootObject = AA25F7521B8CF03800C1E591 /* Project object */;
}
