// !$*UTF8*$!
{
	archiveVersion = 1;
	classes = {
	};
	objectVersion = 46;
	objects = {

/* Begin PBXBuildFile section */
		AAE97B721AF2E44700E62D6F /* main.m in Sources */ = {isa = PBXBuildFile; fileRef = AAE97B711AF2E44700E62D6F /* main.m */; };
		AAE97B751AF2E44700E62D6F /* AppDelegate.m in Sources */ = {isa = PBXBuildFile; fileRef = AAE97B741AF2E44700E62D6F /* AppDelegate.m */; };
		AAE97B781AF2E44700E62D6F /* ViewController.m in Sources */ = {isa = PBXBuildFile; fileRef = AAE97B771AF2E44700E62D6F /* ViewController.m */; };
		AAE97B7B1AF2E44700E62D6F /* Main.storyboard in Resources */ = {isa = PBXBuildFile; fileRef = AAE97B791AF2E44700E62D6F /* Main.storyboard */; };
		AAE97B7D1AF2E44700E62D6F /* Images.xcassets in Resources */ = {isa = PBXBuildFile; fileRef = AAE97B7C1AF2E44700E62D6F /* Images.xcassets */; };
		AAE97B801AF2E44700E62D6F /* LaunchScreen.xib in Resources */ = {isa = PBXBuildFile; fileRef = AAE97B7E1AF2E44700E62D6F /* LaunchScreen.xib */; };
		AAE97B8C1AF2E44700E62D6F /* HeaderFooterTests.m in Sources */ = {isa = PBXBuildFile; fileRef = AAE97B8B1AF2E44700E62D6F /* HeaderFooterTests.m */; };
/* End PBXBuildFile section */

/* Begin PBXContainerItemProxy section */
		AAE97B861AF2E44700E62D6F /* PBXContainerItemProxy */ = {
			isa = PBXContainerItemProxy;
			containerPortal = AAE97B641AF2E44700E62D6F /* Project object */;
			proxyType = 1;
			remoteGlobalIDString = AAE97B6B1AF2E44700E62D6F;
			remoteInfo = HeaderFooter;
		};
/* End PBXContainerItemProxy section */

/* Begin PBXFileReference section */
		AAE97B6C1AF2E44700E62D6F /* HeaderFooter.app */ = {isa = PBXFileReference; explicitFileType = wrapper.application; includeInIndex = 0; path = HeaderFooter.app; sourceTree = BUILT_PRODUCTS_DIR; };
		AAE97B701AF2E44700E62D6F /* Info.plist */ = {isa = PBXFileReference; lastKnownFileType = text.plist.xml; path = Info.plist; sourceTree = "<group>"; };
		AAE97B711AF2E44700E62D6F /* main.m */ = {isa = PBXFileReference; lastKnownFileType = sourcecode.c.objc; path = main.m; sourceTree = "<group>"; };
		AAE97B731AF2E44700E62D6F /* AppDelegate.h */ = {isa = PBXFileReference; lastKnownFileType = sourcecode.c.h; path = AppDelegate.h; sourceTree = "<group>"; };
		AAE97B741AF2E44700E62D6F /* AppDelegate.m */ = {isa = PBXFileReference; lastKnownFileType = sourcecode.c.objc; path = AppDelegate.m; sourceTree = "<group>"; };
		AAE97B761AF2E44700E62D6F /* ViewController.h */ = {isa = PBXFileReference; lastKnownFileType = sourcecode.c.h; path = ViewController.h; sourceTree = "<group>"; };
		AAE97B771AF2E44700E62D6F /* ViewController.m */ = {isa = PBXFileReference; lastKnownFileType = sourcecode.c.objc; path = ViewController.m; sourceTree = "<group>"; };
		AAE97B7A1AF2E44700E62D6F /* Base */ = {isa = PBXFileReference; lastKnownFileType = file.storyboard; name = Base; path = Base.lproj/Main.storyboard; sourceTree = "<group>"; };
		AAE97B7C1AF2E44700E62D6F /* Images.xcassets */ = {isa = PBXFileReference; lastKnownFileType = folder.assetcatalog; path = Images.xcassets; sourceTree = "<group>"; };
		AAE97B7F1AF2E44700E62D6F /* Base */ = {isa = PBXFileReference; lastKnownFileType = file.xib; name = Base; path = Base.lproj/LaunchScreen.xib; sourceTree = "<group>"; };
		AAE97B851AF2E44700E62D6F /* HeaderFooterTests.xctest */ = {isa = PBXFileReference; explicitFileType = wrapper.cfbundle; includeInIndex = 0; path = HeaderFooterTests.xctest; sourceTree = BUILT_PRODUCTS_DIR; };
		AAE97B8A1AF2E44700E62D6F /* Info.plist */ = {isa = PBXFileReference; lastKnownFileType = text.plist.xml; path = Info.plist; sourceTree = "<group>"; };
		AAE97B8B1AF2E44700E62D6F /* HeaderFooterTests.m */ = {isa = PBXFileReference; lastKnownFileType = sourcecode.c.objc; path = HeaderFooterTests.m; sourceTree = "<group>"; };
/* End PBXFileReference section */

/* Begin PBXFrameworksBuildPhase section */
		AAE97B691AF2E44700E62D6F /* Frameworks */ = {
			isa = PBXFrameworksBuildPhase;
			buildActionMask = 2147483647;
			files = (
			);
			runOnlyForDeploymentPostprocessing = 0;
		};
		AAE97B821AF2E44700E62D6F /* Frameworks */ = {
			isa = PBXFrameworksBuildPhase;
			buildActionMask = 2147483647;
			files = (
			);
			runOnlyForDeploymentPostprocessing = 0;
		};
/* End PBXFrameworksBuildPhase section */

/* Begin PBXGroup section */
		AAE97B631AF2E44700E62D6F = {
			isa = PBXGroup;
			children = (
				AAE97B6E1AF2E44700E62D6F /* HeaderFooter */,
				AAE97B881AF2E44700E62D6F /* HeaderFooterTests */,
				AAE97B6D1AF2E44700E62D6F /* Products */,
			);
			sourceTree = "<group>";
		};
		AAE97B6D1AF2E44700E62D6F /* Products */ = {
			isa = PBXGroup;
			children = (
				AAE97B6C1AF2E44700E62D6F /* HeaderFooter.app */,
				AAE97B851AF2E44700E62D6F /* HeaderFooterTests.xctest */,
			);
			name = Products;
			sourceTree = "<group>";
		};
		AAE97B6E1AF2E44700E62D6F /* HeaderFooter */ = {
			isa = PBXGroup;
			children = (
				AAE97B731AF2E44700E62D6F /* AppDelegate.h */,
				AAE97B741AF2E44700E62D6F /* AppDelegate.m */,
				AAE97B761AF2E44700E62D6F /* ViewController.h */,
				AAE97B771AF2E44700E62D6F /* ViewController.m */,
				AAE97B791AF2E44700E62D6F /* Main.storyboard */,
				AAE97B7C1AF2E44700E62D6F /* Images.xcassets */,
				AAE97B7E1AF2E44700E62D6F /* LaunchScreen.xib */,
				AAE97B6F1AF2E44700E62D6F /* Supporting Files */,
			);
			path = HeaderFooter;
			sourceTree = "<group>";
		};
		AAE97B6F1AF2E44700E62D6F /* Supporting Files */ = {
			isa = PBXGroup;
			children = (
				AAE97B701AF2E44700E62D6F /* Info.plist */,
				AAE97B711AF2E44700E62D6F /* main.m */,
			);
			name = "Supporting Files";
			sourceTree = "<group>";
		};
		AAE97B881AF2E44700E62D6F /* HeaderFooterTests */ = {
			isa = PBXGroup;
			children = (
				AAE97B8B1AF2E44700E62D6F /* HeaderFooterTests.m */,
				AAE97B891AF2E44700E62D6F /* Supporting Files */,
			);
			path = HeaderFooterTests;
			sourceTree = "<group>";
		};
		AAE97B891AF2E44700E62D6F /* Supporting Files */ = {
			isa = PBXGroup;
			children = (
				AAE97B8A1AF2E44700E62D6F /* Info.plist */,
			);
			name = "Supporting Files";
			sourceTree = "<group>";
		};
/* End PBXGroup section */

/* Begin PBXNativeTarget section */
		AAE97B6B1AF2E44700E62D6F /* HeaderFooter */ = {
			isa = PBXNativeTarget;
			buildConfigurationList = AAE97B8F1AF2E44700E62D6F /* Build configuration list for PBXNativeTarget "HeaderFooter" */;
			buildPhases = (
				AAE97B681AF2E44700E62D6F /* Sources */,
				AAE97B691AF2E44700E62D6F /* Frameworks */,
				AAE97B6A1AF2E44700E62D6F /* Resources */,
			);
			buildRules = (
			);
			dependencies = (
			);
			name = HeaderFooter;
			productName = HeaderFooter;
			productReference = AAE97B6C1AF2E44700E62D6F /* HeaderFooter.app */;
			productType = "com.apple.product-type.application";
		};
		AAE97B841AF2E44700E62D6F /* HeaderFooterTests */ = {
			isa = PBXNativeTarget;
			buildConfigurationList = AAE97B921AF2E44700E62D6F /* Build configuration list for PBXNativeTarget "HeaderFooterTests" */;
			buildPhases = (
				AAE97B811AF2E44700E62D6F /* Sources */,
				AAE97B821AF2E44700E62D6F /* Frameworks */,
				AAE97B831AF2E44700E62D6F /* Resources */,
			);
			buildRules = (
			);
			dependencies = (
				AAE97B871AF2E44700E62D6F /* PBXTargetDependency */,
			);
			name = HeaderFooterTests;
			productName = HeaderFooterTests;
			productReference = AAE97B851AF2E44700E62D6F /* HeaderFooterTests.xctest */;
			productType = "com.apple.product-type.bundle.unit-test";
		};
/* End PBXNativeTarget section */

/* Begin PBXProject section */
		AAE97B641AF2E44700E62D6F /* Project object */ = {
			isa = PBXProject;
			attributes = {
				LastUpgradeCheck = 0630;
				ORGANIZATIONNAME = "Shaheen Ghiassy";
				TargetAttributes = {
					AAE97B6B1AF2E44700E62D6F = {
						CreatedOnToolsVersion = 6.3.1;
					};
					AAE97B841AF2E44700E62D6F = {
						CreatedOnToolsVersion = 6.3.1;
						TestTargetID = AAE97B6B1AF2E44700E62D6F;
					};
				};
			};
			buildConfigurationList = AAE97B671AF2E44700E62D6F /* Build configuration list for PBXProject "HeaderFooter" */;
			compatibilityVersion = "Xcode 3.2";
			developmentRegion = English;
			hasScannedForEncodings = 0;
			knownRegions = (
				en,
				Base,
			);
			mainGroup = AAE97B631AF2E44700E62D6F;
			productRefGroup = AAE97B6D1AF2E44700E62D6F /* Products */;
			projectDirPath = "";
			projectRoot = "";
			targets = (
				AAE97B6B1AF2E44700E62D6F /* HeaderFooter */,
				AAE97B841AF2E44700E62D6F /* HeaderFooterTests */,
			);
		};
/* End PBXProject section */

/* Begin PBXResourcesBuildPhase section */
		AAE97B6A1AF2E44700E62D6F /* Resources */ = {
			isa = PBXResourcesBuildPhase;
			buildActionMask = 2147483647;
			files = (
				AAE97B7B1AF2E44700E62D6F /* Main.storyboard in Resources */,
				AAE97B801AF2E44700E62D6F /* LaunchScreen.xib in Resources */,
				AAE97B7D1AF2E44700E62D6F /* Images.xcassets in Resources */,
			);
			runOnlyForDeploymentPostprocessing = 0;
		};
		AAE97B831AF2E44700E62D6F /* Resources */ = {
			isa = PBXResourcesBuildPhase;
			buildActionMask = 2147483647;
			files = (
			);
			runOnlyForDeploymentPostprocessing = 0;
		};
/* End PBXResourcesBuildPhase section */

/* Begin PBXSourcesBuildPhase section */
		AAE97B681AF2E44700E62D6F /* Sources */ = {
			isa = PBXSourcesBuildPhase;
			buildActionMask = 2147483647;
			files = (
				AAE97B781AF2E44700E62D6F /* ViewController.m in Sources */,
				AAE97B751AF2E44700E62D6F /* AppDelegate.m in Sources */,
				AAE97B721AF2E44700E62D6F /* main.m in Sources */,
			);
			runOnlyForDeploymentPostprocessing = 0;
		};
		AAE97B811AF2E44700E62D6F /* Sources */ = {
			isa = PBXSourcesBuildPhase;
			buildActionMask = 2147483647;
			files = (
				AAE97B8C1AF2E44700E62D6F /* HeaderFooterTests.m in Sources */,
			);
			runOnlyForDeploymentPostprocessing = 0;
		};
/* End PBXSourcesBuildPhase section */

/* Begin PBXTargetDependency section */
		AAE97B871AF2E44700E62D6F /* PBXTargetDependency */ = {
			isa = PBXTargetDependency;
			target = AAE97B6B1AF2E44700E62D6F /* HeaderFooter */;
			targetProxy = AAE97B861AF2E44700E62D6F /* PBXContainerItemProxy */;
		};
/* End PBXTargetDependency section */

/* Begin PBXVariantGroup section */
		AAE97B791AF2E44700E62D6F /* Main.storyboard */ = {
			isa = PBXVariantGroup;
			children = (
				AAE97B7A1AF2E44700E62D6F /* Base */,
			);
			name = Main.storyboard;
			sourceTree = "<group>";
		};
		AAE97B7E1AF2E44700E62D6F /* LaunchScreen.xib */ = {
			isa = PBXVariantGroup;
			children = (
				AAE97B7F1AF2E44700E62D6F /* Base */,
			);
			name = LaunchScreen.xib;
			sourceTree = "<group>";
		};
/* End PBXVariantGroup section */

/* Begin XCBuildConfiguration section */
		AAE97B8D1AF2E44700E62D6F /* Debug */ = {
			isa = XCBuildConfiguration;
			buildSettings = {
				ALWAYS_SEARCH_USER_PATHS = NO;
				CLANG_CXX_LANGUAGE_STANDARD = "gnu++0x";
				CLANG_CXX_LIBRARY = "libc++";
				CLANG_ENABLE_MODULES = YES;
				CLANG_ENABLE_OBJC_ARC = YES;
				CLANG_WARN_BOOL_CONVERSION = YES;
				CLANG_WARN_CONSTANT_CONVERSION = YES;
				CLANG_WARN_DIRECT_OBJC_ISA_USAGE = YES_ERROR;
				CLANG_WARN_EMPTY_BODY = YES;
				CLANG_WARN_ENUM_CONVERSION = YES;
				CLANG_WARN_INT_CONVERSION = YES;
				CLANG_WARN_OBJC_ROOT_CLASS = YES_ERROR;
				CLANG_WARN_UNREACHABLE_CODE = YES;
				CLANG_WARN__DUPLICATE_METHOD_MATCH = YES;
				"CODE_SIGN_IDENTITY[sdk=iphoneos*]" = "iPhone Developer";
				COPY_PHASE_STRIP = NO;
				DEBUG_INFORMATION_FORMAT = "dwarf-with-dsym";
				ENABLE_STRICT_OBJC_MSGSEND = YES;
				GCC_C_LANGUAGE_STANDARD = gnu99;
				GCC_DYNAMIC_NO_PIC = NO;
				GCC_NO_COMMON_BLOCKS = YES;
				GCC_OPTIMIZATION_LEVEL = 0;
				GCC_PREPROCESSOR_DEFINITIONS = (
					"DEBUG=1",
					"$(inherited)",
				);
				GCC_SYMBOLS_PRIVATE_EXTERN = NO;
				GCC_WARN_64_TO_32_BIT_CONVERSION = YES;
				GCC_WARN_ABOUT_RETURN_TYPE = YES_ERROR;
				GCC_WARN_UNDECLARED_SELECTOR = YES;
				GCC_WARN_UNINITIALIZED_AUTOS = YES_AGGRESSIVE;
				GCC_WARN_UNUSED_FUNCTION = YES;
				GCC_WARN_UNUSED_VARIABLE = YES;
				IPHONEOS_DEPLOYMENT_TARGET = 8.3;
				MTL_ENABLE_DEBUG_INFO = YES;
				ONLY_ACTIVE_ARCH = YES;
				SDKROOT = iphoneos;
				TARGETED_DEVICE_FAMILY = "1,2";
			};
			name = Debug;
		};
		AAE97B8E1AF2E44700E62D6F /* Release */ = {
			isa = XCBuildConfiguration;
			buildSettings = {
				ALWAYS_SEARCH_USER_PATHS = NO;
				CLANG_CXX_LANGUAGE_STANDARD = "gnu++0x";
				CLANG_CXX_LIBRARY = "libc++";
				CLANG_ENABLE_MODULES = YES;
				CLANG_ENABLE_OBJC_ARC = YES;
				CLANG_WARN_BOOL_CONVERSION = YES;
				CLANG_WARN_CONSTANT_CONVERSION = YES;
				CLANG_WARN_DIRECT_OBJC_ISA_USAGE = YES_ERROR;
				CLANG_WARN_EMPTY_BODY = YES;
				CLANG_WARN_ENUM_CONVERSION = YES;
				CLANG_WARN_INT_CONVERSION = YES;
				CLANG_WARN_OBJC_ROOT_CLASS = YES_ERROR;
				CLANG_WARN_UNREACHABLE_CODE = YES;
				CLANG_WARN__DUPLICATE_METHOD_MATCH = YES;
				"CODE_SIGN_IDENTITY[sdk=iphoneos*]" = "iPhone Developer";
				COPY_PHASE_STRIP = NO;
				DEBUG_INFORMATION_FORMAT = "dwarf-with-dsym";
				ENABLE_NS_ASSERTIONS = NO;
				ENABLE_STRICT_OBJC_MSGSEND = YES;
				GCC_C_LANGUAGE_STANDARD = gnu99;
				GCC_NO_COMMON_BLOCKS = YES;
				GCC_WARN_64_TO_32_BIT_CONVERSION = YES;
				GCC_WARN_ABOUT_RETURN_TYPE = YES_ERROR;
				GCC_WARN_UNDECLARED_SELECTOR = YES;
				GCC_WARN_UNINITIALIZED_AUTOS = YES_AGGRESSIVE;
				GCC_WARN_UNUSED_FUNCTION = YES;
				GCC_WARN_UNUSED_VARIABLE = YES;
				IPHONEOS_DEPLOYMENT_TARGET = 8.3;
				MTL_ENABLE_DEBUG_INFO = NO;
				SDKROOT = iphoneos;
				TARGETED_DEVICE_FAMILY = "1,2";
				VALIDATE_PRODUCT = YES;
			};
			name = Release;
		};
		AAE97B901AF2E44700E62D6F /* Debug */ = {
			isa = XCBuildConfiguration;
			buildSettings = {
				ASSETCATALOG_COMPILER_APPICON_NAME = AppIcon;
				INFOPLIST_FILE = HeaderFooter/Info.plist;
				LD_RUNPATH_SEARCH_PATHS = "$(inherited) @executable_path/Frameworks";
				PRODUCT_NAME = "$(TARGET_NAME)";
			};
			name = Debug;
		};
		AAE97B911AF2E44700E62D6F /* Release */ = {
			isa = XCBuildConfiguration;
			buildSettings = {
				ASSETCATALOG_COMPILER_APPICON_NAME = AppIcon;
				INFOPLIST_FILE = HeaderFooter/Info.plist;
				LD_RUNPATH_SEARCH_PATHS = "$(inherited) @executable_path/Frameworks";
				PRODUCT_NAME = "$(TARGET_NAME)";
			};
			name = Release;
		};
		AAE97B931AF2E44700E62D6F /* Debug */ = {
			isa = XCBuildConfiguration;
			buildSettings = {
				BUNDLE_LOADER = "$(TEST_HOST)";
				FRAMEWORK_SEARCH_PATHS = (
					"$(SDKROOT)/Developer/Library/Frameworks",
					"$(inherited)",
				);
				GCC_PREPROCESSOR_DEFINITIONS = (
					"DEBUG=1",
					"$(inherited)",
				);
				INFOPLIST_FILE = HeaderFooterTests/Info.plist;
				LD_RUNPATH_SEARCH_PATHS = "$(inherited) @executable_path/Frameworks @loader_path/Frameworks";
				PRODUCT_NAME = "$(TARGET_NAME)";
				TEST_HOST = "$(BUILT_PRODUCTS_DIR)/HeaderFooter.app/HeaderFooter";
			};
			name = Debug;
		};
		AAE97B941AF2E44700E62D6F /* Release */ = {
			isa = XCBuildConfiguration;
			buildSettings = {
				BUNDLE_LOADER = "$(TEST_HOST)";
				FRAMEWORK_SEARCH_PATHS = (
					"$(SDKROOT)/Developer/Library/Frameworks",
					"$(inherited)",
				);
				INFOPLIST_FILE = HeaderFooterTests/Info.plist;
				LD_RUNPATH_SEARCH_PATHS = "$(inherited) @executable_path/Frameworks @loader_path/Frameworks";
				PRODUCT_NAME = "$(TARGET_NAME)";
				TEST_HOST = "$(BUILT_PRODUCTS_DIR)/HeaderFooter.app/HeaderFooter";
			};
			name = Release;
		};
/* End XCBuildConfiguration section */

/* Begin XCConfigurationList section */
		AAE97B671AF2E44700E62D6F /* Build configuration list for PBXProject "HeaderFooter" */ = {
			isa = XCConfigurationList;
			buildConfigurations = (
				AAE97B8D1AF2E44700E62D6F /* Debug */,
				AAE97B8E1AF2E44700E62D6F /* Release */,
			);
			defaultConfigurationIsVisible = 0;
			defaultConfigurationName = Release;
		};
		AAE97B8F1AF2E44700E62D6F /* Build configuration list for PBXNativeTarget "HeaderFooter" */ = {
			isa = XCConfigurationList;
			buildConfigurations = (
				AAE97B901AF2E44700E62D6F /* Debug */,
				AAE97B911AF2E44700E62D6F /* Release */,
			);
			defaultConfigurationIsVisible = 0;
		};
		AAE97B921AF2E44700E62D6F /* Build configuration list for PBXNativeTarget "HeaderFooterTests" */ = {
			isa = XCConfigurationList;
			buildConfigurations = (
				AAE97B931AF2E44700E62D6F /* Debug */,
				AAE97B941AF2E44700E62D6F /* Release */,
			);
			defaultConfigurationIsVisible = 0;
		};
/* End XCConfigurationList section */
	};
	rootObject = AAE97B641AF2E44700E62D6F /* Project object */;
}
