// !$*UTF8*$!
{
	archiveVersion = 1;
	classes = {
	};
	objectVersion = 46;
	objects = {

/* Begin PBXBuildFile section */
		AA344B231BFA9E6800E67B49 /* main.m in Sources */ = {isa = PBXBuildFile; fileRef = AA344B221BFA9E6800E67B49 /* main.m */; };
		AA344B261BFA9E6800E67B49 /* AppDelegate.m in Sources */ = {isa = PBXBuildFile; fileRef = AA344B251BFA9E6800E67B49 /* AppDelegate.m */; };
		AA344B291BFA9E6800E67B49 /* ViewController.m in Sources */ = {isa = PBXBuildFile; fileRef = AA344B281BFA9E6800E67B49 /* ViewController.m */; };
		AA344B2C1BFA9E6800E67B49 /* Main.storyboard in Resources */ = {isa = PBXBuildFile; fileRef = AA344B2A1BFA9E6800E67B49 /* Main.storyboard */; };
		AA344B2E1BFA9E6800E67B49 /* Assets.xcassets in Resources */ = {isa = PBXBuildFile; fileRef = AA344B2D1BFA9E6800E67B49 /* Assets.xcassets */; };
		AA344B311BFA9E6800E67B49 /* LaunchScreen.storyboard in Resources */ = {isa = PBXBuildFile; fileRef = AA344B2F1BFA9E6800E67B49 /* LaunchScreen.storyboard */; };
		AA344B3C1BFA9E6800E67B49 /* testTests.m in Sources */ = {isa = PBXBuildFile; fileRef = AA344B3B1BFA9E6800E67B49 /* testTests.m */; };
		AA344B471BFA9E6800E67B49 /* testUITests.m in Sources */ = {isa = PBXBuildFile; fileRef = AA344B461BFA9E6800E67B49 /* testUITests.m */; };
/* End PBXBuildFile section */

/* Begin PBXContainerItemProxy section */
		AA344B381BFA9E6800E67B49 /* PBXContainerItemProxy */ = {
			isa = PBXContainerItemProxy;
			containerPortal = AA344B161BFA9E6800E67B49 /* Project object */;
			proxyType = 1;
			remoteGlobalIDString = AA344B1D1BFA9E6800E67B49;
			remoteInfo = test;
		};
		AA344B431BFA9E6800E67B49 /* PBXContainerItemProxy */ = {
			isa = PBXContainerItemProxy;
			containerPortal = AA344B161BFA9E6800E67B49 /* Project object */;
			proxyType = 1;
			remoteGlobalIDString = AA344B1D1BFA9E6800E67B49;
			remoteInfo = test;
		};
/* End PBXContainerItemProxy section */

/* Begin PBXFileReference section */
		AA344B1E1BFA9E6800E67B49 /* test.app */ = {isa = PBXFileReference; explicitFileType = wrapper.application; includeInIndex = 0; path = test.app; sourceTree = BUILT_PRODUCTS_DIR; };
		AA344B221BFA9E6800E67B49 /* main.m */ = {isa = PBXFileReference; lastKnownFileType = sourcecode.c.objc; path = main.m; sourceTree = "<group>"; };
		AA344B241BFA9E6800E67B49 /* AppDelegate.h */ = {isa = PBXFileReference; lastKnownFileType = sourcecode.c.h; path = AppDelegate.h; sourceTree = "<group>"; };
		AA344B251BFA9E6800E67B49 /* AppDelegate.m */ = {isa = PBXFileReference; lastKnownFileType = sourcecode.c.objc; path = AppDelegate.m; sourceTree = "<group>"; };
		AA344B271BFA9E6800E67B49 /* ViewController.h */ = {isa = PBXFileReference; lastKnownFileType = sourcecode.c.h; path = ViewController.h; sourceTree = "<group>"; };
		AA344B281BFA9E6800E67B49 /* ViewController.m */ = {isa = PBXFileReference; lastKnownFileType = sourcecode.c.objc; path = ViewController.m; sourceTree = "<group>"; };
		AA344B2B1BFA9E6800E67B49 /* Base */ = {isa = PBXFileReference; lastKnownFileType = file.storyboard; name = Base; path = Base.lproj/Main.storyboard; sourceTree = "<group>"; };
		AA344B2D1BFA9E6800E67B49 /* Assets.xcassets */ = {isa = PBXFileReference; lastKnownFileType = folder.assetcatalog; path = Assets.xcassets; sourceTree = "<group>"; };
		AA344B301BFA9E6800E67B49 /* Base */ = {isa = PBXFileReference; lastKnownFileType = file.storyboard; name = Base; path = Base.lproj/LaunchScreen.storyboard; sourceTree = "<group>"; };
		AA344B321BFA9E6800E67B49 /* Info.plist */ = {isa = PBXFileReference; lastKnownFileType = text.plist.xml; path = Info.plist; sourceTree = "<group>"; };
		AA344B371BFA9E6800E67B49 /* testTests.xctest */ = {isa = PBXFileReference; explicitFileType = wrapper.cfbundle; includeInIndex = 0; path = testTests.xctest; sourceTree = BUILT_PRODUCTS_DIR; };
		AA344B3B1BFA9E6800E67B49 /* testTests.m */ = {isa = PBXFileReference; lastKnownFileType = sourcecode.c.objc; path = testTests.m; sourceTree = "<group>"; };
		AA344B3D1BFA9E6800E67B49 /* Info.plist */ = {isa = PBXFileReference; lastKnownFileType = text.plist.xml; path = Info.plist; sourceTree = "<group>"; };
		AA344B421BFA9E6800E67B49 /* testUITests.xctest */ = {isa = PBXFileReference; explicitFileType = wrapper.cfbundle; includeInIndex = 0; path = testUITests.xctest; sourceTree = BUILT_PRODUCTS_DIR; };
		AA344B461BFA9E6800E67B49 /* testUITests.m */ = {isa = PBXFileReference; lastKnownFileType = sourcecode.c.objc; path = testUITests.m; sourceTree = "<group>"; };
		AA344B481BFA9E6800E67B49 /* Info.plist */ = {isa = PBXFileReference; lastKnownFileType = text.plist.xml; path = Info.plist; sourceTree = "<group>"; };
/* End PBXFileReference section */

/* Begin PBXFrameworksBuildPhase section */
		AA344B1B1BFA9E6800E67B49 /* Frameworks */ = {
			isa = PBXFrameworksBuildPhase;
			buildActionMask = 2147483647;
			files = (
			);
			runOnlyForDeploymentPostprocessing = 0;
		};
		AA344B341BFA9E6800E67B49 /* Frameworks */ = {
			isa = PBXFrameworksBuildPhase;
			buildActionMask = 2147483647;
			files = (
			);
			runOnlyForDeploymentPostprocessing = 0;
		};
		AA344B3F1BFA9E6800E67B49 /* Frameworks */ = {
			isa = PBXFrameworksBuildPhase;
			buildActionMask = 2147483647;
			files = (
			);
			runOnlyForDeploymentPostprocessing = 0;
		};
/* End PBXFrameworksBuildPhase section */

/* Begin PBXGroup section */
		AA344B151BFA9E6800E67B49 = {
			isa = PBXGroup;
			children = (
				AA344B201BFA9E6800E67B49 /* test */,
				AA344B3A1BFA9E6800E67B49 /* testTests */,
				AA344B451BFA9E6800E67B49 /* testUITests */,
				AA344B1F1BFA9E6800E67B49 /* Products */,
			);
			sourceTree = "<group>";
		};
		AA344B1F1BFA9E6800E67B49 /* Products */ = {
			isa = PBXGroup;
			children = (
				AA344B1E1BFA9E6800E67B49 /* test.app */,
				AA344B371BFA9E6800E67B49 /* testTests.xctest */,
				AA344B421BFA9E6800E67B49 /* testUITests.xctest */,
			);
			name = Products;
			sourceTree = "<group>";
		};
		AA344B201BFA9E6800E67B49 /* test */ = {
			isa = PBXGroup;
			children = (
				AA344B241BFA9E6800E67B49 /* AppDelegate.h */,
				AA344B251BFA9E6800E67B49 /* AppDelegate.m */,
				AA344B271BFA9E6800E67B49 /* ViewController.h */,
				AA344B281BFA9E6800E67B49 /* ViewController.m */,
				AA344B2A1BFA9E6800E67B49 /* Main.storyboard */,
				AA344B2D1BFA9E6800E67B49 /* Assets.xcassets */,
				AA344B2F1BFA9E6800E67B49 /* LaunchScreen.storyboard */,
				AA344B321BFA9E6800E67B49 /* Info.plist */,
				AA344B211BFA9E6800E67B49 /* Supporting Files */,
			);
			path = test;
			sourceTree = "<group>";
		};
		AA344B211BFA9E6800E67B49 /* Supporting Files */ = {
			isa = PBXGroup;
			children = (
				AA344B221BFA9E6800E67B49 /* main.m */,
			);
			name = "Supporting Files";
			sourceTree = "<group>";
		};
		AA344B3A1BFA9E6800E67B49 /* testTests */ = {
			isa = PBXGroup;
			children = (
				AA344B3B1BFA9E6800E67B49 /* testTests.m */,
				AA344B3D1BFA9E6800E67B49 /* Info.plist */,
			);
			path = testTests;
			sourceTree = "<group>";
		};
		AA344B451BFA9E6800E67B49 /* testUITests */ = {
			isa = PBXGroup;
			children = (
				AA344B461BFA9E6800E67B49 /* testUITests.m */,
				AA344B481BFA9E6800E67B49 /* Info.plist */,
			);
			path = testUITests;
			sourceTree = "<group>";
		};
/* End PBXGroup section */

/* Begin PBXNativeTarget section */
		AA344B1D1BFA9E6800E67B49 /* test */ = {
			isa = PBXNativeTarget;
			buildConfigurationList = AA344B4B1BFA9E6800E67B49 /* Build configuration list for PBXNativeTarget "test" */;
			buildPhases = (
				AA344B1A1BFA9E6800E67B49 /* Sources */,
				AA344B1B1BFA9E6800E67B49 /* Frameworks */,
				AA344B1C1BFA9E6800E67B49 /* Resources */,
			);
			buildRules = (
			);
			dependencies = (
			);
			name = test;
			productName = test;
			productReference = AA344B1E1BFA9E6800E67B49 /* test.app */;
			productType = "com.apple.product-type.application";
		};
		AA344B361BFA9E6800E67B49 /* testTests */ = {
			isa = PBXNativeTarget;
			buildConfigurationList = AA344B4E1BFA9E6800E67B49 /* Build configuration list for PBXNativeTarget "testTests" */;
			buildPhases = (
				AA344B331BFA9E6800E67B49 /* Sources */,
				AA344B341BFA9E6800E67B49 /* Frameworks */,
				AA344B351BFA9E6800E67B49 /* Resources */,
			);
			buildRules = (
			);
			dependencies = (
				AA344B391BFA9E6800E67B49 /* PBXTargetDependency */,
			);
			name = testTests;
			productName = testTests;
			productReference = AA344B371BFA9E6800E67B49 /* testTests.xctest */;
			productType = "com.apple.product-type.bundle.unit-test";
		};
		AA344B411BFA9E6800E67B49 /* testUITests */ = {
			isa = PBXNativeTarget;
			buildConfigurationList = AA344B511BFA9E6800E67B49 /* Build configuration list for PBXNativeTarget "testUITests" */;
			buildPhases = (
				AA344B3E1BFA9E6800E67B49 /* Sources */,
				AA344B3F1BFA9E6800E67B49 /* Frameworks */,
				AA344B401BFA9E6800E67B49 /* Resources */,
			);
			buildRules = (
			);
			dependencies = (
				AA344B441BFA9E6800E67B49 /* PBXTargetDependency */,
			);
			name = testUITests;
			productName = testUITests;
			productReference = AA344B421BFA9E6800E67B49 /* testUITests.xctest */;
			productType = "com.apple.product-type.bundle.ui-testing";
		};
/* End PBXNativeTarget section */

/* Begin PBXProject section */
		AA344B161BFA9E6800E67B49 /* Project object */ = {
			isa = PBXProject;
			attributes = {
				LastUpgradeCheck = 0710;
				ORGANIZATIONNAME = Groupon;
				TargetAttributes = {
					AA344B1D1BFA9E6800E67B49 = {
						CreatedOnToolsVersion = 7.1;
					};
					AA344B361BFA9E6800E67B49 = {
						CreatedOnToolsVersion = 7.1;
						TestTargetID = AA344B1D1BFA9E6800E67B49;
					};
					AA344B411BFA9E6800E67B49 = {
						CreatedOnToolsVersion = 7.1;
						TestTargetID = AA344B1D1BFA9E6800E67B49;
					};
				};
			};
			buildConfigurationList = AA344B191BFA9E6800E67B49 /* Build configuration list for PBXProject "test" */;
			compatibilityVersion = "Xcode 3.2";
			developmentRegion = English;
			hasScannedForEncodings = 0;
			knownRegions = (
				en,
				Base,
			);
			mainGroup = AA344B151BFA9E6800E67B49;
			productRefGroup = AA344B1F1BFA9E6800E67B49 /* Products */;
			projectDirPath = "";
			projectRoot = "";
			targets = (
				AA344B1D1BFA9E6800E67B49 /* test */,
				AA344B361BFA9E6800E67B49 /* testTests */,
				AA344B411BFA9E6800E67B49 /* testUITests */,
			);
		};
/* End PBXProject section */

/* Begin PBXResourcesBuildPhase section */
		AA344B1C1BFA9E6800E67B49 /* Resources */ = {
			isa = PBXResourcesBuildPhase;
			buildActionMask = 2147483647;
			files = (
				AA344B311BFA9E6800E67B49 /* LaunchScreen.storyboard in Resources */,
				AA344B2E1BFA9E6800E67B49 /* Assets.xcassets in Resources */,
				AA344B2C1BFA9E6800E67B49 /* Main.storyboard in Resources */,
			);
			runOnlyForDeploymentPostprocessing = 0;
		};
		AA344B351BFA9E6800E67B49 /* Resources */ = {
			isa = PBXResourcesBuildPhase;
			buildActionMask = 2147483647;
			files = (
			);
			runOnlyForDeploymentPostprocessing = 0;
		};
		AA344B401BFA9E6800E67B49 /* Resources */ = {
			isa = PBXResourcesBuildPhase;
			buildActionMask = 2147483647;
			files = (
			);
			runOnlyForDeploymentPostprocessing = 0;
		};
/* End PBXResourcesBuildPhase section */

/* Begin PBXSourcesBuildPhase section */
		AA344B1A1BFA9E6800E67B49 /* Sources */ = {
			isa = PBXSourcesBuildPhase;
			buildActionMask = 2147483647;
			files = (
				AA344B291BFA9E6800E67B49 /* ViewController.m in Sources */,
				AA344B261BFA9E6800E67B49 /* AppDelegate.m in Sources */,
				AA344B231BFA9E6800E67B49 /* main.m in Sources */,
			);
			runOnlyForDeploymentPostprocessing = 0;
		};
		AA344B331BFA9E6800E67B49 /* Sources */ = {
			isa = PBXSourcesBuildPhase;
			buildActionMask = 2147483647;
			files = (
				AA344B3C1BFA9E6800E67B49 /* testTests.m in Sources */,
			);
			runOnlyForDeploymentPostprocessing = 0;
		};
		AA344B3E1BFA9E6800E67B49 /* Sources */ = {
			isa = PBXSourcesBuildPhase;
			buildActionMask = 2147483647;
			files = (
				AA344B471BFA9E6800E67B49 /* testUITests.m in Sources */,
			);
			runOnlyForDeploymentPostprocessing = 0;
		};
/* End PBXSourcesBuildPhase section */

/* Begin PBXTargetDependency section */
		AA344B391BFA9E6800E67B49 /* PBXTargetDependency */ = {
			isa = PBXTargetDependency;
			target = AA344B1D1BFA9E6800E67B49 /* test */;
			targetProxy = AA344B381BFA9E6800E67B49 /* PBXContainerItemProxy */;
		};
		AA344B441BFA9E6800E67B49 /* PBXTargetDependency */ = {
			isa = PBXTargetDependency;
			target = AA344B1D1BFA9E6800E67B49 /* test */;
			targetProxy = AA344B431BFA9E6800E67B49 /* PBXContainerItemProxy */;
		};
/* End PBXTargetDependency section */

/* Begin PBXVariantGroup section */
		AA344B2A1BFA9E6800E67B49 /* Main.storyboard */ = {
			isa = PBXVariantGroup;
			children = (
				AA344B2B1BFA9E6800E67B49 /* Base */,
			);
			name = Main.storyboard;
			sourceTree = "<group>";
		};
		AA344B2F1BFA9E6800E67B49 /* LaunchScreen.storyboard */ = {
			isa = PBXVariantGroup;
			children = (
				AA344B301BFA9E6800E67B49 /* Base */,
			);
			name = LaunchScreen.storyboard;
			sourceTree = "<group>";
		};
/* End PBXVariantGroup section */

/* Begin XCBuildConfiguration section */
		AA344B491BFA9E6800E67B49 /* Debug */ = {
			isa = XCBuildConfiguration;
			buildSettings = {
				ALWAYS_SEARCH_USER_PATHS = NO;
				CLANG_CXX_LANGUAGE_STANDARD = "gnu++0x";
				CLANG_CXX_LIBRARY = "libc++";
				CLANG_ENABLE_MODULES = YES;
				CLANG_ENABLE_OBJC_ARC = YES;
				CLANG_WARN_BOOL_CONVERSION = YES;
				CLANG_WARN_CONSTANT_CONVERSION = YES;
				CLANG_WARN_DIRECT_OBJC_ISA_USAGE = YES_ERROR;
				CLANG_WARN_EMPTY_BODY = YES;
				CLANG_WARN_ENUM_CONVERSION = YES;
				CLANG_WARN_INT_CONVERSION = YES;
				CLANG_WARN_OBJC_ROOT_CLASS = YES_ERROR;
				CLANG_WARN_UNREACHABLE_CODE = YES;
				CLANG_WARN__DUPLICATE_METHOD_MATCH = YES;
				"CODE_SIGN_IDENTITY[sdk=iphoneos*]" = "iPhone Developer";
				COPY_PHASE_STRIP = NO;
				DEBUG_INFORMATION_FORMAT = dwarf;
				ENABLE_STRICT_OBJC_MSGSEND = YES;
				ENABLE_TESTABILITY = YES;
				GCC_C_LANGUAGE_STANDARD = gnu99;
				GCC_DYNAMIC_NO_PIC = NO;
				GCC_NO_COMMON_BLOCKS = YES;
				GCC_OPTIMIZATION_LEVEL = 0;
				GCC_PREPROCESSOR_DEFINITIONS = (
					"DEBUG=1",
					"$(inherited)",
				);
				GCC_WARN_64_TO_32_BIT_CONVERSION = YES;
				GCC_WARN_ABOUT_RETURN_TYPE = YES_ERROR;
				GCC_WARN_UNDECLARED_SELECTOR = YES;
				GCC_WARN_UNINITIALIZED_AUTOS = YES_AGGRESSIVE;
				GCC_WARN_UNUSED_FUNCTION = YES;
				GCC_WARN_UNUSED_VARIABLE = YES;
				IPHONEOS_DEPLOYMENT_TARGET = 9.1;
				MTL_ENABLE_DEBUG_INFO = YES;
				ONLY_ACTIVE_ARCH = YES;
				SDKROOT = iphoneos;
				TARGETED_DEVICE_FAMILY = "1,2";
			};
			name = Debug;
		};
		AA344B4A1BFA9E6800E67B49 /* Release */ = {
			isa = XCBuildConfiguration;
			buildSettings = {
				ALWAYS_SEARCH_USER_PATHS = NO;
				CLANG_CXX_LANGUAGE_STANDARD = "gnu++0x";
				CLANG_CXX_LIBRARY = "libc++";
				CLANG_ENABLE_MODULES = YES;
				CLANG_ENABLE_OBJC_ARC = YES;
				CLANG_WARN_BOOL_CONVERSION = YES;
				CLANG_WARN_CONSTANT_CONVERSION = YES;
				CLANG_WARN_DIRECT_OBJC_ISA_USAGE = YES_ERROR;
				CLANG_WARN_EMPTY_BODY = YES;
				CLANG_WARN_ENUM_CONVERSION = YES;
				CLANG_WARN_INT_CONVERSION = YES;
				CLANG_WARN_OBJC_ROOT_CLASS = YES_ERROR;
				CLANG_WARN_UNREACHABLE_CODE = YES;
				CLANG_WARN__DUPLICATE_METHOD_MATCH = YES;
				"CODE_SIGN_IDENTITY[sdk=iphoneos*]" = "iPhone Developer";
				COPY_PHASE_STRIP = NO;
				DEBUG_INFORMATION_FORMAT = "dwarf-with-dsym";
				ENABLE_NS_ASSERTIONS = NO;
				ENABLE_STRICT_OBJC_MSGSEND = YES;
				GCC_C_LANGUAGE_STANDARD = gnu99;
				GCC_NO_COMMON_BLOCKS = YES;
				GCC_WARN_64_TO_32_BIT_CONVERSION = YES;
				GCC_WARN_ABOUT_RETURN_TYPE = YES_ERROR;
				GCC_WARN_UNDECLARED_SELECTOR = YES;
				GCC_WARN_UNINITIALIZED_AUTOS = YES_AGGRESSIVE;
				GCC_WARN_UNUSED_FUNCTION = YES;
				GCC_WARN_UNUSED_VARIABLE = YES;
				IPHONEOS_DEPLOYMENT_TARGET = 9.1;
				MTL_ENABLE_DEBUG_INFO = NO;
				SDKROOT = iphoneos;
				TARGETED_DEVICE_FAMILY = "1,2";
				VALIDATE_PRODUCT = YES;
			};
			name = Release;
		};
		AA344B4C1BFA9E6800E67B49 /* Debug */ = {
			isa = XCBuildConfiguration;
			buildSettings = {
				ASSETCATALOG_COMPILER_APPICON_NAME = AppIcon;
				INFOPLIST_FILE = test/Info.plist;
				LD_RUNPATH_SEARCH_PATHS = "$(inherited) @executable_path/Frameworks";
				PRODUCT_BUNDLE_IDENTIFIER = GP.test;
				PRODUCT_NAME = "$(TARGET_NAME)";
			};
			name = Debug;
		};
		AA344B4D1BFA9E6800E67B49 /* Release */ = {
			isa = XCBuildConfiguration;
			buildSettings = {
				ASSETCATALOG_COMPILER_APPICON_NAME = AppIcon;
				INFOPLIST_FILE = test/Info.plist;
				LD_RUNPATH_SEARCH_PATHS = "$(inherited) @executable_path/Frameworks";
				PRODUCT_BUNDLE_IDENTIFIER = GP.test;
				PRODUCT_NAME = "$(TARGET_NAME)";
			};
			name = Release;
		};
		AA344B4F1BFA9E6800E67B49 /* Debug */ = {
			isa = XCBuildConfiguration;
			buildSettings = {
				BUNDLE_LOADER = "$(TEST_HOST)";
				INFOPLIST_FILE = testTests/Info.plist;
				LD_RUNPATH_SEARCH_PATHS = "$(inherited) @executable_path/Frameworks @loader_path/Frameworks";
				PRODUCT_BUNDLE_IDENTIFIER = GP.testTests;
				PRODUCT_NAME = "$(TARGET_NAME)";
				TEST_HOST = "$(BUILT_PRODUCTS_DIR)/test.app/test";
			};
			name = Debug;
		};
		AA344B501BFA9E6800E67B49 /* Release */ = {
			isa = XCBuildConfiguration;
			buildSettings = {
				BUNDLE_LOADER = "$(TEST_HOST)";
				INFOPLIST_FILE = testTests/Info.plist;
				LD_RUNPATH_SEARCH_PATHS = "$(inherited) @executable_path/Frameworks @loader_path/Frameworks";
				PRODUCT_BUNDLE_IDENTIFIER = GP.testTests;
				PRODUCT_NAME = "$(TARGET_NAME)";
				TEST_HOST = "$(BUILT_PRODUCTS_DIR)/test.app/test";
			};
			name = Release;
		};
		AA344B521BFA9E6800E67B49 /* Debug */ = {
			isa = XCBuildConfiguration;
			buildSettings = {
				INFOPLIST_FILE = testUITests/Info.plist;
				LD_RUNPATH_SEARCH_PATHS = "$(inherited) @executable_path/Frameworks @loader_path/Frameworks";
				PRODUCT_BUNDLE_IDENTIFIER = GP.testUITests;
				PRODUCT_NAME = "$(TARGET_NAME)";
				TEST_TARGET_NAME = test;
				USES_XCTRUNNER = YES;
			};
			name = Debug;
		};
		AA344B531BFA9E6800E67B49 /* Release */ = {
			isa = XCBuildConfiguration;
			buildSettings = {
				INFOPLIST_FILE = testUITests/Info.plist;
				LD_RUNPATH_SEARCH_PATHS = "$(inherited) @executable_path/Frameworks @loader_path/Frameworks";
				PRODUCT_BUNDLE_IDENTIFIER = GP.testUITests;
				PRODUCT_NAME = "$(TARGET_NAME)";
				TEST_TARGET_NAME = test;
				USES_XCTRUNNER = YES;
			};
			name = Release;
		};
/* End XCBuildConfiguration section */

/* Begin XCConfigurationList section */
		AA344B191BFA9E6800E67B49 /* Build configuration list for PBXProject "test" */ = {
			isa = XCConfigurationList;
			buildConfigurations = (
				AA344B491BFA9E6800E67B49 /* Debug */,
				AA344B4A1BFA9E6800E67B49 /* Release */,
			);
			defaultConfigurationIsVisible = 0;
			defaultConfigurationName = Release;
		};
		AA344B4B1BFA9E6800E67B49 /* Build configuration list for PBXNativeTarget "test" */ = {
			isa = XCConfigurationList;
			buildConfigurations = (
				AA344B4C1BFA9E6800E67B49 /* Debug */,
				AA344B4D1BFA9E6800E67B49 /* Release */,
			);
			defaultConfigurationIsVisible = 0;
		};
		AA344B4E1BFA9E6800E67B49 /* Build configuration list for PBXNativeTarget "testTests" */ = {
			isa = XCConfigurationList;
			buildConfigurations = (
				AA344B4F1BFA9E6800E67B49 /* Debug */,
				AA344B501BFA9E6800E67B49 /* Release */,
			);
			defaultConfigurationIsVisible = 0;
		};
		AA344B511BFA9E6800E67B49 /* Build configuration list for PBXNativeTarget "testUITests" */ = {
			isa = XCConfigurationList;
			buildConfigurations = (
				AA344B521BFA9E6800E67B49 /* Debug */,
				AA344B531BFA9E6800E67B49 /* Release */,
			);
			defaultConfigurationIsVisible = 0;
		};
/* End XCConfigurationList section */
	};
	rootObject = AA344B161BFA9E6800E67B49 /* Project object */;
}
